
Microsoft Visual Studio Solution File, Format Version 12.00
# Visual Studio 15
VisualStudioVersion = 15.0.27703.2018
MinimumVisualStudioVersion = 10.0.40219.1
Project("{9A19103F-16F7-4668-BE54-9A1E7A4F7556}") = "UnaryConcept", "UnaryConcept\UnaryConcept.csproj", "{7ABD4AFC-3963-4196-9DAA-766AF3881A77}"
EndProject
Global
	GlobalSection(SolutionConfigurationPlatforms) = preSolution
		Debug|Any CPU = Debug|Any CPU
		Release|Any CPU = Release|Any CPU
	EndGlobalSection
	GlobalSection(ProjectConfigurationPlatforms) = postSolution
		{7ABD4AFC-3963-4196-9DAA-766AF3881A77}.Debug|Any CPU.ActiveCfg = Debug|Any CPU
		{7ABD4AFC-3963-4196-9DAA-766AF3881A77}.Debug|Any CPU.Build.0 = Debug|Any CPU
		{7ABD4AFC-3963-4196-9DAA-766AF3881A77}.Release|Any CPU.ActiveCfg = Release|Any CPU
		{7ABD4AFC-3963-4196-9DAA-766AF3881A77}.Release|Any CPU.Build.0 = Release|Any CPU
	EndGlobalSection
	GlobalSection(SolutionProperties) = preSolution
		HideSolutionNode = FALSE
	EndGlobalSection
	GlobalSection(ExtensibilityGlobals) = postSolution
		SolutionGuid = {0C91FEB2-0AA1-4347-8C8E-060F1D598EB3}
	EndGlobalSection
	GlobalSection(TeamFoundationVersionControl) = preSolution
		SccNumberOfProjects = 2
		SccEnterpriseProvider = {4CA58AB2-18FA-4F8D-95D4-32DDF27D184C}
		SccTeamFoundationServer = http://jax-devtemp-04:8080/tfs/defaultcollection
		SccLocalPath0 = .
		SccProjectUniqueName1 = UnaryConcept\\UnaryConcept.csproj
		SccProjectName1 = UnaryConcept
		SccLocalPath1 = UnaryConcept
	EndGlobalSection
EndGlobal
